
Microsoft Visual Studio Solution File, Format Version 12.00
# Visual Studio Version 17
VisualStudioVersion = 17.3.32804.467
MinimumVisualStudioVersion = 10.0.40219.1
Project("{FAE04EC0-301F-11D3-BF4B-00C04F79EFBC}") = "LeagueClient", "LeagueClient.csproj", "{C608E520-7357-44A8-A43F-880E4ECD34F1}"
EndProject
Global
	GlobalSection(SolutionConfigurationPlatforms) = preSolution
		Debug|Any CPU = Debug|Any CPU
		Release|Any CPU = Release|Any CPU
	EndGlobalSection
	GlobalSection(ProjectConfigurationPlatforms) = postSolution
		{C608E520-7357-44A8-A43F-880E4ECD34F1}.Debug|Any CPU.ActiveCfg = Debug|Any CPU
		{C608E520-7357-44A8-A43F-880E4ECD34F1}.Debug|Any CPU.Build.0 = Debug|Any CPU
		{C608E520-7357-44A8-A43F-880E4ECD34F1}.Release|Any CPU.ActiveCfg = Release|Any CPU
		{C608E520-7357-44A8-A43F-880E4ECD34F1}.Release|Any CPU.Build.0 = Release|Any CPU
	EndGlobalSection
	GlobalSection(SolutionProperties) = preSolution
		HideSolutionNode = FALSE
	EndGlobalSection
	GlobalSection(ExtensibilityGlobals) = postSolution
		SolutionGuid = {2F441731-FA29-4EBF-8A2D-C0DF328B0755}
	EndGlobalSection
EndGlobal
